// !$*UTF8*$!
{
	archiveVersion = 1;
	classes = {
	};
	objectVersion = 50;
	objects = {

/* Begin PBXBuildFile section */
		4A097E4125867DAA001B299F /* AppDelegate.swift in Sources */ = {isa = PBXBuildFile; fileRef = 4A097E4025867DAA001B299F /* AppDelegate.swift */; };
		4A097E4325867DAA001B299F /* SceneDelegate.swift in Sources */ = {isa = PBXBuildFile; fileRef = 4A097E4225867DAA001B299F /* SceneDelegate.swift */; };
		4A097E4525867DAA001B299F /* MainViewController.swift in Sources */ = {isa = PBXBuildFile; fileRef = 4A097E4425867DAA001B299F /* MainViewController.swift */; };
		4A097E5B25867DAE001B299F /* ghulistiosTests.swift in Sources */ = {isa = PBXBuildFile; fileRef = 4A097E5A25867DAE001B299F /* ghulistiosTests.swift */; };
		4A097E6625867DAE001B299F /* ghulistiosUITests.swift in Sources */ = {isa = PBXBuildFile; fileRef = 4A097E6525867DAE001B299F /* ghulistiosUITests.swift */; };
		4A097F612586A0B3001B299F /* Model.swift in Sources */ = {isa = PBXBuildFile; fileRef = 4A097F602586A0B3001B299F /* Model.swift */; };
		4A097F71258775F4001B299F /* APIService.swift in Sources */ = {isa = PBXBuildFile; fileRef = 4A097F70258775F4001B299F /* APIService.swift */; };
		4A097F7725878801001B299F /* ghulistios.xcdatamodeld in Sources */ = {isa = PBXBuildFile; fileRef = 4A097F7525878801001B299F /* ghulistios.xcdatamodeld */; };
		4A097F882587A3C6001B299F /* UserDetailViewController.swift in Sources */ = {isa = PBXBuildFile; fileRef = 4A097F872587A3C6001B299F /* UserDetailViewController.swift */; };
		4A3D1B2C258A8A5800440B80 /* AppDelegate.swift in Sources */ = {isa = PBXBuildFile; fileRef = 4A3D1B22258A8A5700440B80 /* AppDelegate.swift */; };
		4A3D1B2D258A8A5800440B80 /* Model.swift in Sources */ = {isa = PBXBuildFile; fileRef = 4A3D1B23258A8A5700440B80 /* Model.swift */; };
		4A3D1B2E258A8A5800440B80 /* Reachability.swift in Sources */ = {isa = PBXBuildFile; fileRef = 4A3D1B24258A8A5700440B80 /* Reachability.swift */; };
		4A3D1B2F258A8A5800440B80 /* Extention.swift in Sources */ = {isa = PBXBuildFile; fileRef = 4A3D1B25258A8A5700440B80 /* Extention.swift */; };
		4A3D1B30258A8A5800440B80 /* SceneDelegate.swift in Sources */ = {isa = PBXBuildFile; fileRef = 4A3D1B26258A8A5800440B80 /* SceneDelegate.swift */; };
		4A3D1B31258A8A5800440B80 /* MainViewController.swift in Sources */ = {isa = PBXBuildFile; fileRef = 4A3D1B27258A8A5800440B80 /* MainViewController.swift */; };
		4A3D1B32258A8A5800440B80 /* UserDetailViewController.swift in Sources */ = {isa = PBXBuildFile; fileRef = 4A3D1B28258A8A5800440B80 /* UserDetailViewController.swift */; };
		4A3D1B33258A8A5800440B80 /* APIService.swift in Sources */ = {isa = PBXBuildFile; fileRef = 4A3D1B29258A8A5800440B80 /* APIService.swift */; };
		4A3D1B34258A8A5800440B80 /* ViewController.swift in Sources */ = {isa = PBXBuildFile; fileRef = 4A3D1B2A258A8A5800440B80 /* ViewController.swift */; };
		4A3D1B3A258A8A6500440B80 /* ghulistios.xcdatamodeld in Sources */ = {isa = PBXBuildFile; fileRef = 4A3D1B38258A8A6500440B80 /* ghulistios.xcdatamodeld */; };
/* End PBXBuildFile section */

/* Begin PBXContainerItemProxy section */
		4A097E5725867DAE001B299F /* PBXContainerItemProxy */ = {
			isa = PBXContainerItemProxy;
			containerPortal = 4A097E3525867DAA001B299F /* Project object */;
			proxyType = 1;
			remoteGlobalIDString = 4A097E3C25867DAA001B299F;
			remoteInfo = ghulistios;
		};
		4A097E6225867DAE001B299F /* PBXContainerItemProxy */ = {
			isa = PBXContainerItemProxy;
			containerPortal = 4A097E3525867DAA001B299F /* Project object */;
			proxyType = 1;
			remoteGlobalIDString = 4A097E3C25867DAA001B299F;
			remoteInfo = ghulistios;
		};
/* End PBXContainerItemProxy section */

/* Begin PBXFileReference section */
		4A097E3D25867DAA001B299F /* ghulistios.app */ = {isa = PBXFileReference; explicitFileType = wrapper.application; includeInIndex = 0; path = ghulistios.app; sourceTree = BUILT_PRODUCTS_DIR; };
		4A097E4025867DAA001B299F /* AppDelegate.swift */ = {isa = PBXFileReference; lastKnownFileType = sourcecode.swift; path = AppDelegate.swift; sourceTree = "<group>"; };
		4A097E4225867DAA001B299F /* SceneDelegate.swift */ = {isa = PBXFileReference; lastKnownFileType = sourcecode.swift; path = SceneDelegate.swift; sourceTree = "<group>"; };
		4A097E4425867DAA001B299F /* MainViewController.swift */ = {isa = PBXFileReference; lastKnownFileType = sourcecode.swift; path = MainViewController.swift; sourceTree = "<group>"; };
		4A097E4C25867DAD001B299F /* Assets.xcassets */ = {isa = PBXFileReference; lastKnownFileType = folder.assetcatalog; path = Assets.xcassets; sourceTree = "<group>"; };
		4A097E5125867DAD001B299F /* Info.plist */ = {isa = PBXFileReference; lastKnownFileType = text.plist.xml; path = Info.plist; sourceTree = "<group>"; };
		4A097E5625867DAE001B299F /* ghulistiosTests.xctest */ = {isa = PBXFileReference; explicitFileType = wrapper.cfbundle; includeInIndex = 0; path = ghulistiosTests.xctest; sourceTree = BUILT_PRODUCTS_DIR; };
		4A097E5A25867DAE001B299F /* ghulistiosTests.swift */ = {isa = PBXFileReference; lastKnownFileType = sourcecode.swift; path = ghulistiosTests.swift; sourceTree = "<group>"; };
		4A097E5C25867DAE001B299F /* Info.plist */ = {isa = PBXFileReference; lastKnownFileType = text.plist.xml; path = Info.plist; sourceTree = "<group>"; };
		4A097E6125867DAE001B299F /* ghulistiosUITests.xctest */ = {isa = PBXFileReference; explicitFileType = wrapper.cfbundle; includeInIndex = 0; path = ghulistiosUITests.xctest; sourceTree = BUILT_PRODUCTS_DIR; };
		4A097E6525867DAE001B299F /* ghulistiosUITests.swift */ = {isa = PBXFileReference; lastKnownFileType = sourcecode.swift; path = ghulistiosUITests.swift; sourceTree = "<group>"; };
		4A097E6725867DAE001B299F /* Info.plist */ = {isa = PBXFileReference; lastKnownFileType = text.plist.xml; path = Info.plist; sourceTree = "<group>"; };
		4A097F602586A0B3001B299F /* Model.swift */ = {isa = PBXFileReference; lastKnownFileType = sourcecode.swift; path = Model.swift; sourceTree = "<group>"; };
		4A097F70258775F4001B299F /* APIService.swift */ = {isa = PBXFileReference; fileEncoding = 4; lastKnownFileType = sourcecode.swift; path = APIService.swift; sourceTree = "<group>"; };
		4A097F7625878801001B299F /* CoreDataTutorialPart1Final.xcdatamodel */ = {isa = PBXFileReference; lastKnownFileType = wrapper.xcdatamodel; path = CoreDataTutorialPart1Final.xcdatamodel; sourceTree = "<group>"; };
		4A097F872587A3C6001B299F /* UserDetailViewController.swift */ = {isa = PBXFileReference; fileEncoding = 4; lastKnownFileType = sourcecode.swift; path = UserDetailViewController.swift; sourceTree = "<group>"; };
		4A3D1B21258A8A5700440B80 /* Info.plist */ = {isa = PBXFileReference; fileEncoding = 4; lastKnownFileType = text.plist.xml; name = Info.plist; path = ../../ghulist/ghulist/Info.plist; sourceTree = "<group>"; };
		4A3D1B22258A8A5700440B80 /* AppDelegate.swift */ = {isa = PBXFileReference; fileEncoding = 4; lastKnownFileType = sourcecode.swift; path = AppDelegate.swift; sourceTree = "<group>"; };
		4A3D1B23258A8A5700440B80 /* Model.swift */ = {isa = PBXFileReference; fileEncoding = 4; lastKnownFileType = sourcecode.swift; path = Model.swift; sourceTree = "<group>"; };
		4A3D1B24258A8A5700440B80 /* Reachability.swift */ = {isa = PBXFileReference; fileEncoding = 4; lastKnownFileType = sourcecode.swift; path = Reachability.swift; sourceTree = "<group>"; };
		4A3D1B25258A8A5700440B80 /* Extention.swift */ = {isa = PBXFileReference; fileEncoding = 4; lastKnownFileType = sourcecode.swift; path = Extention.swift; sourceTree = "<group>"; };
		4A3D1B26258A8A5800440B80 /* SceneDelegate.swift */ = {isa = PBXFileReference; fileEncoding = 4; lastKnownFileType = sourcecode.swift; path = SceneDelegate.swift; sourceTree = "<group>"; };
		4A3D1B27258A8A5800440B80 /* MainViewController.swift */ = {isa = PBXFileReference; fileEncoding = 4; lastKnownFileType = sourcecode.swift; path = MainViewController.swift; sourceTree = "<group>"; };
		4A3D1B28258A8A5800440B80 /* UserDetailViewController.swift */ = {isa = PBXFileReference; fileEncoding = 4; lastKnownFileType = sourcecode.swift; path = UserDetailViewController.swift; sourceTree = "<group>"; };
		4A3D1B29258A8A5800440B80 /* APIService.swift */ = {isa = PBXFileReference; fileEncoding = 4; lastKnownFileType = sourcecode.swift; path = APIService.swift; sourceTree = "<group>"; };
		4A3D1B2A258A8A5800440B80 /* ViewController.swift */ = {isa = PBXFileReference; fileEncoding = 4; lastKnownFileType = sourcecode.swift; path = ViewController.swift; sourceTree = "<group>"; };
		4A3D1B39258A8A6500440B80 /* CoreDataTutorialPart1Final.xcdatamodel */ = {isa = PBXFileReference; lastKnownFileType = wrapper.xcdatamodel; path = CoreDataTutorialPart1Final.xcdatamodel; sourceTree = "<group>"; };
		4A3D1B3E258A8A6F00440B80 /* Assets.xcassets */ = {isa = PBXFileReference; lastKnownFileType = folder.assetcatalog; path = Assets.xcassets; sourceTree = "<group>"; };
/* End PBXFileReference section */

/* Begin PBXFrameworksBuildPhase section */
		4A097E3A25867DAA001B299F /* Frameworks */ = {
			isa = PBXFrameworksBuildPhase;
			buildActionMask = 2147483647;
			files = (
			);
			runOnlyForDeploymentPostprocessing = 0;
		};
		4A097E5325867DAE001B299F /* Frameworks */ = {
			isa = PBXFrameworksBuildPhase;
			buildActionMask = 2147483647;
			files = (
			);
			runOnlyForDeploymentPostprocessing = 0;
		};
		4A097E5E25867DAE001B299F /* Frameworks */ = {
			isa = PBXFrameworksBuildPhase;
			buildActionMask = 2147483647;
			files = (
			);
			runOnlyForDeploymentPostprocessing = 0;
		};
/* End PBXFrameworksBuildPhase section */

/* Begin PBXGroup section */
		4A097E3425867DAA001B299F = {
			isa = PBXGroup;
			children = (
				4A097E3F25867DAA001B299F /* ghulistios */,
				4A097E5925867DAE001B299F /* ghulistiosTests */,
				4A097E6425867DAE001B299F /* ghulistiosUITests */,
				4A097E3E25867DAA001B299F /* Products */,
			);
			sourceTree = "<group>";
		};
		4A097E3E25867DAA001B299F /* Products */ = {
			isa = PBXGroup;
			children = (
				4A097E3D25867DAA001B299F /* ghulistios.app */,
				4A097E5625867DAE001B299F /* ghulistiosTests.xctest */,
				4A097E6125867DAE001B299F /* ghulistiosUITests.xctest */,
			);
			name = Products;
			sourceTree = "<group>";
		};
		4A097E3F25867DAA001B299F /* ghulistios */ = {
			isa = PBXGroup;
			children = (
				4A3D1B29258A8A5800440B80 /* APIService.swift */,
				4A3D1B22258A8A5700440B80 /* AppDelegate.swift */,
				4A3D1B25258A8A5700440B80 /* Extention.swift */,
				4A3D1B21258A8A5700440B80 /* Info.plist */,
				4A3D1B27258A8A5800440B80 /* MainViewController.swift */,
				4A3D1B38258A8A6500440B80 /* ghulistios.xcdatamodeld */,
				4A3D1B23258A8A5700440B80 /* Model.swift */,
				4A3D1B3E258A8A6F00440B80 /* Assets.xcassets */,
				4A3D1B24258A8A5700440B80 /* Reachability.swift */,
				4A3D1B26258A8A5800440B80 /* SceneDelegate.swift */,
				4A3D1B28258A8A5800440B80 /* UserDetailViewController.swift */,
				4A3D1B2A258A8A5800440B80 /* ViewController.swift */,
				4A097F7525878801001B299F /* ghulistios.xcdatamodeld */,
				4A097F70258775F4001B299F /* APIService.swift */,
				4A097E4025867DAA001B299F /* AppDelegate.swift */,
				4A097E4225867DAA001B299F /* SceneDelegate.swift */,
				4A097E4425867DAA001B299F /* MainViewController.swift */,
				4A097F872587A3C6001B299F /* UserDetailViewController.swift */,
				4A097F602586A0B3001B299F /* Model.swift */,
				4A097E4C25867DAD001B299F /* Assets.xcassets */,
				4A097E5125867DAD001B299F /* Info.plist */,
			);
			path = ghulistios;
			sourceTree = "<group>";
		};
		4A097E5925867DAE001B299F /* ghulistiosTests */ = {
			isa = PBXGroup;
			children = (
				4A097E5A25867DAE001B299F /* ghulistiosTests.swift */,
				4A097E5C25867DAE001B299F /* Info.plist */,
			);
			path = ghulistiosTests;
			sourceTree = "<group>";
		};
		4A097E6425867DAE001B299F /* ghulistiosUITests */ = {
			isa = PBXGroup;
			children = (
				4A097E6525867DAE001B299F /* ghulistiosUITests.swift */,
				4A097E6725867DAE001B299F /* Info.plist */,
			);
			path = ghulistiosUITests;
			sourceTree = "<group>";
		};
/* End PBXGroup section */

/* Begin PBXNativeTarget section */
		4A097E3C25867DAA001B299F /* ghulistios */ = {
			isa = PBXNativeTarget;
			buildConfigurationList = 4A097E6A25867DAE001B299F /* Build configuration list for PBXNativeTarget "ghulistios" */;
			buildPhases = (
				4A097E3925867DAA001B299F /* Sources */,
				4A097E3A25867DAA001B299F /* Frameworks */,
				4A097E3B25867DAA001B299F /* Resources */,
			);
			buildRules = (
			);
			dependencies = (
			);
			name = ghulistios;
			productName = ghulistios;
			productReference = 4A097E3D25867DAA001B299F /* ghulistios.app */;
			productType = "com.apple.product-type.application";
		};
		4A097E5525867DAE001B299F /* ghulistiosTests */ = {
			isa = PBXNativeTarget;
			buildConfigurationList = 4A097E6D25867DAE001B299F /* Build configuration list for PBXNativeTarget "ghulistiosTests" */;
			buildPhases = (
				4A097E5225867DAE001B299F /* Sources */,
				4A097E5325867DAE001B299F /* Frameworks */,
				4A097E5425867DAE001B299F /* Resources */,
			);
			buildRules = (
			);
			dependencies = (
				4A097E5825867DAE001B299F /* PBXTargetDependency */,
			);
			name = ghulistiosTests;
			productName = ghulistiosTests;
			productReference = 4A097E5625867DAE001B299F /* ghulistiosTests.xctest */;
			productType = "com.apple.product-type.bundle.unit-test";
		};
		4A097E6025867DAE001B299F /* ghulistiosUITests */ = {
			isa = PBXNativeTarget;
			buildConfigurationList = 4A097E7025867DAE001B299F /* Build configuration list for PBXNativeTarget "ghulistiosUITests" */;
			buildPhases = (
				4A097E5D25867DAE001B299F /* Sources */,
				4A097E5E25867DAE001B299F /* Frameworks */,
				4A097E5F25867DAE001B299F /* Resources */,
			);
			buildRules = (
			);
			dependencies = (
				4A097E6325867DAE001B299F /* PBXTargetDependency */,
			);
			name = ghulistiosUITests;
			productName = ghulistiosUITests;
			productReference = 4A097E6125867DAE001B299F /* ghulistiosUITests.xctest */;
			productType = "com.apple.product-type.bundle.ui-testing";
		};
/* End PBXNativeTarget section */

/* Begin PBXProject section */
		4A097E3525867DAA001B299F /* Project object */ = {
			isa = PBXProject;
			attributes = {
				LastSwiftUpdateCheck = 1210;
				LastUpgradeCheck = 1210;
				TargetAttributes = {
					4A097E3C25867DAA001B299F = {
						CreatedOnToolsVersion = 12.1;
					};
					4A097E5525867DAE001B299F = {
						CreatedOnToolsVersion = 12.1;
						TestTargetID = 4A097E3C25867DAA001B299F;
					};
					4A097E6025867DAE001B299F = {
						CreatedOnToolsVersion = 12.1;
						TestTargetID = 4A097E3C25867DAA001B299F;
					};
				};
			};
			buildConfigurationList = 4A097E3825867DAA001B299F /* Build configuration list for PBXProject "ghulistios" */;
			compatibilityVersion = "Xcode 9.3";
			developmentRegion = en;
			hasScannedForEncodings = 0;
			knownRegions = (
				en,
				Base,
				"tr-TR",
				tr,
				kur,
			);
			mainGroup = 4A097E3425867DAA001B299F;
			productRefGroup = 4A097E3E25867DAA001B299F /* Products */;
			projectDirPath = "";
			projectRoot = "";
			targets = (
				4A097E3C25867DAA001B299F /* ghulistios */,
				4A097E5525867DAE001B299F /* ghulistiosTests */,
				4A097E6025867DAE001B299F /* ghulistiosUITests */,
			);
		};
/* End PBXProject section */

/* Begin PBXResourcesBuildPhase section */
		4A097E3B25867DAA001B299F /* Resources */ = {
			isa = PBXResourcesBuildPhase;
			buildActionMask = 2147483647;
			files = (
			);
			runOnlyForDeploymentPostprocessing = 0;
		};
		4A097E5425867DAE001B299F /* Resources */ = {
			isa = PBXResourcesBuildPhase;
			buildActionMask = 2147483647;
			files = (
			);
			runOnlyForDeploymentPostprocessing = 0;
		};
		4A097E5F25867DAE001B299F /* Resources */ = {
			isa = PBXResourcesBuildPhase;
			buildActionMask = 2147483647;
			files = (
			);
			runOnlyForDeploymentPostprocessing = 0;
		};
/* End PBXResourcesBuildPhase section */

/* Begin PBXSourcesBuildPhase section */
		4A097E3925867DAA001B299F /* Sources */ = {
			isa = PBXSourcesBuildPhase;
			buildActionMask = 2147483647;
			files = (
				4A3D1B32258A8A5800440B80 /* UserDetailViewController.swift in Sources */,
				4A3D1B34258A8A5800440B80 /* ViewController.swift in Sources */,
				4A3D1B2C258A8A5800440B80 /* AppDelegate.swift in Sources */,
				4A097F882587A3C6001B299F /* UserDetailViewController.swift in Sources */,
				4A097F7725878801001B299F /* ghulistios.xcdatamodeld in Sources */,
				4A3D1B2D258A8A5800440B80 /* Model.swift in Sources */,
				4A3D1B3A258A8A6500440B80 /* ghulistios.xcdatamodeld in Sources */,
				4A3D1B30258A8A5800440B80 /* SceneDelegate.swift in Sources */,
				4A097F612586A0B3001B299F /* Model.swift in Sources */,
				4A3D1B31258A8A5800440B80 /* MainViewController.swift in Sources */,
				4A3D1B2F258A8A5800440B80 /* Extention.swift in Sources */,
				4A097E4525867DAA001B299F /* MainViewController.swift in Sources */,
				4A097F71258775F4001B299F /* APIService.swift in Sources */,
				4A097E4125867DAA001B299F /* AppDelegate.swift in Sources */,
				4A097E4325867DAA001B299F /* SceneDelegate.swift in Sources */,
				4A3D1B33258A8A5800440B80 /* APIService.swift in Sources */,
				4A3D1B2E258A8A5800440B80 /* Reachability.swift in Sources */,
			);
			runOnlyForDeploymentPostprocessing = 0;
		};
		4A097E5225867DAE001B299F /* Sources */ = {
			isa = PBXSourcesBuildPhase;
			buildActionMask = 2147483647;
			files = (
				4A097E5B25867DAE001B299F /* ghulistiosTests.swift in Sources */,
			);
			runOnlyForDeploymentPostprocessing = 0;
		};
		4A097E5D25867DAE001B299F /* Sources */ = {
			isa = PBXSourcesBuildPhase;
			buildActionMask = 2147483647;
			files = (
				4A097E6625867DAE001B299F /* ghulistiosUITests.swift in Sources */,
			);
			runOnlyForDeploymentPostprocessing = 0;
		};
/* End PBXSourcesBuildPhase section */

/* Begin PBXTargetDependency section */
		4A097E5825867DAE001B299F /* PBXTargetDependency */ = {
			isa = PBXTargetDependency;
			target = 4A097E3C25867DAA001B299F /* ghulistios */;
			targetProxy = 4A097E5725867DAE001B299F /* PBXContainerItemProxy */;
		};
		4A097E6325867DAE001B299F /* PBXTargetDependency */ = {
			isa = PBXTargetDependency;
			target = 4A097E3C25867DAA001B299F /* ghulistios */;
			targetProxy = 4A097E6225867DAE001B299F /* PBXContainerItemProxy */;
		};
/* End PBXTargetDependency section */

/* Begin XCBuildConfiguration section */
		4A097E6825867DAE001B299F /* Debug */ = {
			isa = XCBuildConfiguration;
			buildSettings = {
				ALWAYS_SEARCH_USER_PATHS = NO;
				CLANG_ANALYZER_NONNULL = YES;
				CLANG_ANALYZER_NUMBER_OBJECT_CONVERSION = YES_AGGRESSIVE;
				CLANG_CXX_LANGUAGE_STANDARD = "gnu++14";
				CLANG_CXX_LIBRARY = "libc++";
				CLANG_ENABLE_MODULES = YES;
				CLANG_ENABLE_OBJC_ARC = YES;
				CLANG_ENABLE_OBJC_WEAK = YES;
				CLANG_WARN_BLOCK_CAPTURE_AUTORELEASING = YES;
				CLANG_WARN_BOOL_CONVERSION = YES;
				CLANG_WARN_COMMA = YES;
				CLANG_WARN_CONSTANT_CONVERSION = YES;
				CLANG_WARN_DEPRECATED_OBJC_IMPLEMENTATIONS = YES;
				CLANG_WARN_DIRECT_OBJC_ISA_USAGE = YES_ERROR;
				CLANG_WARN_DOCUMENTATION_COMMENTS = YES;
				CLANG_WARN_EMPTY_BODY = YES;
				CLANG_WARN_ENUM_CONVERSION = YES;
				CLANG_WARN_INFINITE_RECURSION = YES;
				CLANG_WARN_INT_CONVERSION = YES;
				CLANG_WARN_NON_LITERAL_NULL_CONVERSION = YES;
				CLANG_WARN_OBJC_IMPLICIT_RETAIN_SELF = YES;
				CLANG_WARN_OBJC_LITERAL_CONVERSION = YES;
				CLANG_WARN_OBJC_ROOT_CLASS = YES_ERROR;
				CLANG_WARN_QUOTED_INCLUDE_IN_FRAMEWORK_HEADER = YES;
				CLANG_WARN_RANGE_LOOP_ANALYSIS = YES;
				CLANG_WARN_STRICT_PROTOTYPES = YES;
				CLANG_WARN_SUSPICIOUS_MOVE = YES;
				CLANG_WARN_UNGUARDED_AVAILABILITY = YES_AGGRESSIVE;
				CLANG_WARN_UNREACHABLE_CODE = YES;
				CLANG_WARN__DUPLICATE_METHOD_MATCH = YES;
				COPY_PHASE_STRIP = NO;
				DEBUG_INFORMATION_FORMAT = dwarf;
				ENABLE_STRICT_OBJC_MSGSEND = YES;
				ENABLE_TESTABILITY = YES;
				GCC_C_LANGUAGE_STANDARD = gnu11;
				GCC_DYNAMIC_NO_PIC = NO;
				GCC_NO_COMMON_BLOCKS = YES;
				GCC_OPTIMIZATION_LEVEL = 0;
				GCC_PREPROCESSOR_DEFINITIONS = (
					"DEBUG=1",
					"$(inherited)",
				);
				GCC_WARN_64_TO_32_BIT_CONVERSION = YES;
				GCC_WARN_ABOUT_RETURN_TYPE = YES_ERROR;
				GCC_WARN_UNDECLARED_SELECTOR = YES;
				GCC_WARN_UNINITIALIZED_AUTOS = YES_AGGRESSIVE;
				GCC_WARN_UNUSED_FUNCTION = YES;
				GCC_WARN_UNUSED_VARIABLE = YES;
				IPHONEOS_DEPLOYMENT_TARGET = 13.1;
				MTL_ENABLE_DEBUG_INFO = INCLUDE_SOURCE;
				MTL_FAST_MATH = YES;
				ONLY_ACTIVE_ARCH = YES;
				SDKROOT = iphoneos;
				SWIFT_ACTIVE_COMPILATION_CONDITIONS = DEBUG;
				SWIFT_OPTIMIZATION_LEVEL = "-Onone";
			};
			name = Debug;
		};
		4A097E6925867DAE001B299F /* Release */ = {
			isa = XCBuildConfiguration;
			buildSettings = {
				ALWAYS_SEARCH_USER_PATHS = NO;
				CLANG_ANALYZER_NONNULL = YES;
				CLANG_ANALYZER_NUMBER_OBJECT_CONVERSION = YES_AGGRESSIVE;
				CLANG_CXX_LANGUAGE_STANDARD = "gnu++14";
				CLANG_CXX_LIBRARY = "libc++";
				CLANG_ENABLE_MODULES = YES;
				CLANG_ENABLE_OBJC_ARC = YES;
				CLANG_ENABLE_OBJC_WEAK = YES;
				CLANG_WARN_BLOCK_CAPTURE_AUTORELEASING = YES;
				CLANG_WARN_BOOL_CONVERSION = YES;
				CLANG_WARN_COMMA = YES;
				CLANG_WARN_CONSTANT_CONVERSION = YES;
				CLANG_WARN_DEPRECATED_OBJC_IMPLEMENTATIONS = YES;
				CLANG_WARN_DIRECT_OBJC_ISA_USAGE = YES_ERROR;
				CLANG_WARN_DOCUMENTATION_COMMENTS = YES;
				CLANG_WARN_EMPTY_BODY = YES;
				CLANG_WARN_ENUM_CONVERSION = YES;
				CLANG_WARN_INFINITE_RECURSION = YES;
				CLANG_WARN_INT_CONVERSION = YES;
				CLANG_WARN_NON_LITERAL_NULL_CONVERSION = YES;
				CLANG_WARN_OBJC_IMPLICIT_RETAIN_SELF = YES;
				CLANG_WARN_OBJC_LITERAL_CONVERSION = YES;
				CLANG_WARN_OBJC_ROOT_CLASS = YES_ERROR;
				CLANG_WARN_QUOTED_INCLUDE_IN_FRAMEWORK_HEADER = YES;
				CLANG_WARN_RANGE_LOOP_ANALYSIS = YES;
				CLANG_WARN_STRICT_PROTOTYPES = YES;
				CLANG_WARN_SUSPICIOUS_MOVE = YES;
				CLANG_WARN_UNGUARDED_AVAILABILITY = YES_AGGRESSIVE;
				CLANG_WARN_UNREACHABLE_CODE = YES;
				CLANG_WARN__DUPLICATE_METHOD_MATCH = YES;
				COPY_PHASE_STRIP = NO;
				DEBUG_INFORMATION_FORMAT = "dwarf-with-dsym";
				ENABLE_NS_ASSERTIONS = NO;
				ENABLE_STRICT_OBJC_MSGSEND = YES;
				GCC_C_LANGUAGE_STANDARD = gnu11;
				GCC_NO_COMMON_BLOCKS = YES;
				GCC_WARN_64_TO_32_BIT_CONVERSION = YES;
				GCC_WARN_ABOUT_RETURN_TYPE = YES_ERROR;
				GCC_WARN_UNDECLARED_SELECTOR = YES;
				GCC_WARN_UNINITIALIZED_AUTOS = YES_AGGRESSIVE;
				GCC_WARN_UNUSED_FUNCTION = YES;
				GCC_WARN_UNUSED_VARIABLE = YES;
				IPHONEOS_DEPLOYMENT_TARGET = 13.1;
				MTL_ENABLE_DEBUG_INFO = NO;
				MTL_FAST_MATH = YES;
				SDKROOT = iphoneos;
				SWIFT_COMPILATION_MODE = wholemodule;
				SWIFT_OPTIMIZATION_LEVEL = "-O";
				VALIDATE_PRODUCT = YES;
			};
			name = Release;
		};
		4A097E6B25867DAE001B299F /* Debug */ = {
			isa = XCBuildConfiguration;
			buildSettings = {
				ASSETCATALOG_COMPILER_APPICON_NAME = AppIcon;
				ASSETCATALOG_COMPILER_GLOBAL_ACCENT_COLOR_NAME = AccentColor;
				CODE_SIGN_STYLE = Automatic;
				DEVELOPMENT_TEAM = 8B7VPRN289;
				INFOPLIST_FILE = ghulistios/Info.plist;
				IPHONEOS_DEPLOYMENT_TARGET = 13.1;
				LD_RUNPATH_SEARCH_PATHS = (
					"$(inherited)",
					"@executable_path/Frameworks",
				);
				PRODUCT_BUNDLE_IDENTIFIER = com.f4ni.ghulistios;
				PRODUCT_NAME = "$(TARGET_NAME)";
				SWIFT_VERSION = 5.0;
				TARGETED_DEVICE_FAMILY = "1,2";
			};
			name = Debug;
		};
		4A097E6C25867DAE001B299F /* Release */ = {
			isa = XCBuildConfiguration;
			buildSettings = {
				ASSETCATALOG_COMPILER_APPICON_NAME = AppIcon;
				ASSETCATALOG_COMPILER_GLOBAL_ACCENT_COLOR_NAME = AccentColor;
				CODE_SIGN_STYLE = Automatic;
				DEVELOPMENT_TEAM = 8B7VPRN289;
				INFOPLIST_FILE = ghulistios/Info.plist;
				IPHONEOS_DEPLOYMENT_TARGET = 13.1;
				LD_RUNPATH_SEARCH_PATHS = (
					"$(inherited)",
					"@executable_path/Frameworks",
				);
				PRODUCT_BUNDLE_IDENTIFIER = com.f4ni.ghulistios;
				PRODUCT_NAME = "$(TARGET_NAME)";
				SWIFT_VERSION = 5.0;
				TARGETED_DEVICE_FAMILY = "1,2";
			};
			name = Release;
		};
		4A097E6E25867DAE001B299F /* Debug */ = {
			isa = XCBuildConfiguration;
			buildSettings = {
				ALWAYS_EMBED_SWIFT_STANDARD_LIBRARIES = YES;
				BUNDLE_LOADER = "$(TEST_HOST)";
				CODE_SIGN_STYLE = Automatic;
				DEVELOPMENT_TEAM = 8B7VPRN289;
				INFOPLIST_FILE = ghulistiosTests/Info.plist;
				IPHONEOS_DEPLOYMENT_TARGET = 14.1;
				LD_RUNPATH_SEARCH_PATHS = (
					"$(inherited)",
					"@executable_path/Frameworks",
					"@loader_path/Frameworks",
				);
				PRODUCT_BUNDLE_IDENTIFIER = com.f4ni.ghulistiosTests;
				PRODUCT_NAME = "$(TARGET_NAME)";
				SWIFT_VERSION = 5.0;
				TARGETED_DEVICE_FAMILY = "1,2";
				TEST_HOST = "$(BUILT_PRODUCTS_DIR)/ghulistios.app/ghulistios";
			};
			name = Debug;
		};
		4A097E6F25867DAE001B299F /* Release */ = {
			isa = XCBuildConfiguration;
			buildSettings = {
				ALWAYS_EMBED_SWIFT_STANDARD_LIBRARIES = YES;
				BUNDLE_LOADER = "$(TEST_HOST)";
				CODE_SIGN_STYLE = Automatic;
				DEVELOPMENT_TEAM = 8B7VPRN289;
				INFOPLIST_FILE = ghulistiosTests/Info.plist;
				IPHONEOS_DEPLOYMENT_TARGET = 14.1;
				LD_RUNPATH_SEARCH_PATHS = (
					"$(inherited)",
					"@executable_path/Frameworks",
					"@loader_path/Frameworks",
				);
				PRODUCT_BUNDLE_IDENTIFIER = com.f4ni.ghulistiosTests;
				PRODUCT_NAME = "$(TARGET_NAME)";
				SWIFT_VERSION = 5.0;
				TARGETED_DEVICE_FAMILY = "1,2";
				TEST_HOST = "$(BUILT_PRODUCTS_DIR)/ghulistios.app/ghulistios";
			};
			name = Release;
		};
		4A097E7125867DAE001B299F /* Debug */ = {
			isa = XCBuildConfiguration;
			buildSettings = {
				ALWAYS_EMBED_SWIFT_STANDARD_LIBRARIES = YES;
				CODE_SIGN_STYLE = Automatic;
				DEVELOPMENT_TEAM = 8B7VPRN289;
				INFOPLIST_FILE = ghulistiosUITests/Info.plist;
				LD_RUNPATH_SEARCH_PATHS = (
					"$(inherited)",
					"@executable_path/Frameworks",
					"@loader_path/Frameworks",
				);
				PRODUCT_BUNDLE_IDENTIFIER = com.f4ni.ghulistiosUITests;
				PRODUCT_NAME = "$(TARGET_NAME)";
				SWIFT_VERSION = 5.0;
				TARGETED_DEVICE_FAMILY = "1,2";
				TEST_TARGET_NAME = ghulistios;
			};
			name = Debug;
		};
		4A097E7225867DAE001B299F /* Release */ = {
			isa = XCBuildConfiguration;
			buildSettings = {
				ALWAYS_EMBED_SWIFT_STANDARD_LIBRARIES = YES;
				CODE_SIGN_STYLE = Automatic;
				DEVELOPMENT_TEAM = 8B7VPRN289;
				INFOPLIST_FILE = ghulistiosUITests/Info.plist;
				LD_RUNPATH_SEARCH_PATHS = (
					"$(inherited)",
					"@executable_path/Frameworks",
					"@loader_path/Frameworks",
				);
				PRODUCT_BUNDLE_IDENTIFIER = com.f4ni.ghulistiosUITests;
				PRODUCT_NAME = "$(TARGET_NAME)";
				SWIFT_VERSION = 5.0;
				TARGETED_DEVICE_FAMILY = "1,2";
				TEST_TARGET_NAME = ghulistios;
			};
			name = Release;
		};
/* End XCBuildConfiguration section */

/* Begin XCConfigurationList section */
		4A097E3825867DAA001B299F /* Build configuration list for PBXProject "ghulistios" */ = {
			isa = XCConfigurationList;
			buildConfigurations = (
				4A097E6825867DAE001B299F /* Debug */,
				4A097E6925867DAE001B299F /* Release */,
			);
			defaultConfigurationIsVisible = 0;
			defaultConfigurationName = Release;
		};
		4A097E6A25867DAE001B299F /* Build configuration list for PBXNativeTarget "ghulistios" */ = {
			isa = XCConfigurationList;
			buildConfigurations = (
				4A097E6B25867DAE001B299F /* Debug */,
				4A097E6C25867DAE001B299F /* Release */,
			);
			defaultConfigurationIsVisible = 0;
			defaultConfigurationName = Release;
		};
		4A097E6D25867DAE001B299F /* Build configuration list for PBXNativeTarget "ghulistiosTests" */ = {
			isa = XCConfigurationList;
			buildConfigurations = (
				4A097E6E25867DAE001B299F /* Debug */,
				4A097E6F25867DAE001B299F /* Release */,
			);
			defaultConfigurationIsVisible = 0;
			defaultConfigurationName = Release;
		};
		4A097E7025867DAE001B299F /* Build configuration list for PBXNativeTarget "ghulistiosUITests" */ = {
			isa = XCConfigurationList;
			buildConfigurations = (
				4A097E7125867DAE001B299F /* Debug */,
				4A097E7225867DAE001B299F /* Release */,
			);
			defaultConfigurationIsVisible = 0;
			defaultConfigurationName = Release;
		};
/* End XCConfigurationList section */

/* Begin XCVersionGroup section */
		4A097F7525878801001B299F /* ghulistios.xcdatamodeld */ = {
			isa = XCVersionGroup;
			children = (
				4A097F7625878801001B299F /* CoreDataTutorialPart1Final.xcdatamodel */,
			);
			currentVersion = 4A097F7625878801001B299F /* CoreDataTutorialPart1Final.xcdatamodel */;
			path = ghulistios.xcdatamodeld;
			sourceTree = "<group>";
			versionGroupType = wrapper.xcdatamodel;
		};
		4A3D1B38258A8A6500440B80 /* ghulistios.xcdatamodeld */ = {
			isa = XCVersionGroup;
			children = (
				4A3D1B39258A8A6500440B80 /* CoreDataTutorialPart1Final.xcdatamodel */,
			);
			currentVersion = 4A3D1B39258A8A6500440B80 /* CoreDataTutorialPart1Final.xcdatamodel */;
			path = ghulistios.xcdatamodeld;
			sourceTree = "<group>";
			versionGroupType = wrapper.xcdatamodel;
		};
/* End XCVersionGroup section */
	};
	rootObject = 4A097E3525867DAA001B299F /* Project object */;
}
